{
  "name": "advent-of-code",
  "version": "1.0.0",
  "lockfileVersion": 1,
  "requires": true,
  "dependencies": {
    "binomial": {
      "version": "0.2.0",
      "resolved": "https://registry.npmjs.org/binomial/-/binomial-0.2.0.tgz",
      "integrity": "sha1-zxhKU4nOOX8mtkxT98k0OZAhyPU="
    },
    "extra-math": {
      "version": "1.1.18",
      "resolved": "https://registry.npmjs.org/extra-math/-/extra-math-1.1.18.tgz",
      "integrity": "sha512-8L+FVrVLZZaEnDuIG9d+hya7OjqLIqWsJ/IH9DS5CODtkJNX1vZa5AUdB5brzK1crzjS05k2mEN8LnL/b2I1eQ=="
    },
    "object-hash": {
      "version": "2.2.0",
      "resolved": "https://registry.npmjs.org/object-hash/-/object-hash-2.2.0.tgz",
      "integrity": "sha512-gScRMn0bS5fH+IuwyIFgnh9zBdo4DV+6GhygmWM9HyNJSgS0hScp1f5vjtm7oIIOiT9trXrShAkLFSc2IqKNgw=="
    }
  }
}
